// !$*UTF8*$!
{
	archiveVersion = 1;
	classes = {
	};
	objectVersion = 48;
	objects = {

/* Begin PBXBuildFile section */
		85CB24191B6E9CDAB5636361 /* Pods_ParallaxHeader.framework in Frameworks */ = {isa = PBXBuildFile; fileRef = 8C67BBDF42E5DE215F8D4C53 /* Pods_ParallaxHeader.framework */; };
		EB7A7B65206B5CF900143F15 /* HeaderView.swift in Sources */ = {isa = PBXBuildFile; fileRef = EB7A7B64206B5CF900143F15 /* HeaderView.swift */; };
		EB96A05E2068EFC600139EDB /* AppDelegate.swift in Sources */ = {isa = PBXBuildFile; fileRef = EB96A05D2068EFC600139EDB /* AppDelegate.swift */; };
		EB96A0632068EFC600139EDB /* Main.storyboard in Resources */ = {isa = PBXBuildFile; fileRef = EB96A0612068EFC600139EDB /* Main.storyboard */; };
		EB96A0652068EFC600139EDB /* Assets.xcassets in Resources */ = {isa = PBXBuildFile; fileRef = EB96A0642068EFC600139EDB /* Assets.xcassets */; };
		EB96A0682068EFC600139EDB /* LaunchScreen.storyboard in Resources */ = {isa = PBXBuildFile; fileRef = EB96A0662068EFC600139EDB /* LaunchScreen.storyboard */; };
		EB96A0702068F06E00139EDB /* ProfileViewController.swift in Sources */ = {isa = PBXBuildFile; fileRef = EB96A06F2068F06E00139EDB /* ProfileViewController.swift */; };
		EB96A0722068F07F00139EDB /* PublishedViewController.swift in Sources */ = {isa = PBXBuildFile; fileRef = EB96A0712068F07F00139EDB /* PublishedViewController.swift */; };
		EB96A0742068F09D00139EDB /* TaggedViewController.swift in Sources */ = {isa = PBXBuildFile; fileRef = EB96A0732068F09D00139EDB /* TaggedViewController.swift */; };
		EB96A0762068F0A800139EDB /* SavedViewController.swift in Sources */ = {isa = PBXBuildFile; fileRef = EB96A0752068F0A800139EDB /* SavedViewController.swift */; };
		EB96A07A2068FB6C00139EDB /* NumberCell.swift in Sources */ = {isa = PBXBuildFile; fileRef = EB96A0782068FB6C00139EDB /* NumberCell.swift */; };
		EB96A07B2068FB6C00139EDB /* NumberCell.xib in Resources */ = {isa = PBXBuildFile; fileRef = EB96A0792068FB6C00139EDB /* NumberCell.xib */; };
/* End PBXBuildFile section */

/* Begin PBXFileReference section */
		3D7D6E39779A1C987A85C1F8 /* Pods-ParallaxHeader.debug.xcconfig */ = {isa = PBXFileReference; includeInIndex = 1; lastKnownFileType = text.xcconfig; name = "Pods-ParallaxHeader.debug.xcconfig"; path = "Pods/Target Support Files/Pods-ParallaxHeader/Pods-ParallaxHeader.debug.xcconfig"; sourceTree = "<group>"; };
		81FBAFC304496156B2FE8FBB /* Pods-ParallaxHeader.release.xcconfig */ = {isa = PBXFileReference; includeInIndex = 1; lastKnownFileType = text.xcconfig; name = "Pods-ParallaxHeader.release.xcconfig"; path = "Pods/Target Support Files/Pods-ParallaxHeader/Pods-ParallaxHeader.release.xcconfig"; sourceTree = "<group>"; };
		8C67BBDF42E5DE215F8D4C53 /* Pods_ParallaxHeader.framework */ = {isa = PBXFileReference; explicitFileType = wrapper.framework; includeInIndex = 0; path = Pods_ParallaxHeader.framework; sourceTree = BUILT_PRODUCTS_DIR; };
		EB7A7B64206B5CF900143F15 /* HeaderView.swift */ = {isa = PBXFileReference; lastKnownFileType = sourcecode.swift; path = HeaderView.swift; sourceTree = "<group>"; };
		EB96A05A2068EFC600139EDB /* ParallaxHeader.app */ = {isa = PBXFileReference; explicitFileType = wrapper.application; includeInIndex = 0; path = ParallaxHeader.app; sourceTree = BUILT_PRODUCTS_DIR; };
		EB96A05D2068EFC600139EDB /* AppDelegate.swift */ = {isa = PBXFileReference; lastKnownFileType = sourcecode.swift; path = AppDelegate.swift; sourceTree = "<group>"; };
		EB96A0622068EFC600139EDB /* Base */ = {isa = PBXFileReference; lastKnownFileType = file.storyboard; name = Base; path = Base.lproj/Main.storyboard; sourceTree = "<group>"; };
		EB96A0642068EFC600139EDB /* Assets.xcassets */ = {isa = PBXFileReference; lastKnownFileType = folder.assetcatalog; path = Assets.xcassets; sourceTree = "<group>"; };
		EB96A0672068EFC600139EDB /* Base */ = {isa = PBXFileReference; lastKnownFileType = file.storyboard; name = Base; path = Base.lproj/LaunchScreen.storyboard; sourceTree = "<group>"; };
		EB96A0692068EFC600139EDB /* Info.plist */ = {isa = PBXFileReference; lastKnownFileType = text.plist.xml; path = Info.plist; sourceTree = "<group>"; };
		EB96A06F2068F06E00139EDB /* ProfileViewController.swift */ = {isa = PBXFileReference; lastKnownFileType = sourcecode.swift; path = ProfileViewController.swift; sourceTree = "<group>"; };
		EB96A0712068F07F00139EDB /* PublishedViewController.swift */ = {isa = PBXFileReference; lastKnownFileType = sourcecode.swift; path = PublishedViewController.swift; sourceTree = "<group>"; };
		EB96A0732068F09D00139EDB /* TaggedViewController.swift */ = {isa = PBXFileReference; lastKnownFileType = sourcecode.swift; path = TaggedViewController.swift; sourceTree = "<group>"; };
		EB96A0752068F0A800139EDB /* SavedViewController.swift */ = {isa = PBXFileReference; lastKnownFileType = sourcecode.swift; path = SavedViewController.swift; sourceTree = "<group>"; };
		EB96A0782068FB6C00139EDB /* NumberCell.swift */ = {isa = PBXFileReference; lastKnownFileType = sourcecode.swift; path = NumberCell.swift; sourceTree = "<group>"; };
		EB96A0792068FB6C00139EDB /* NumberCell.xib */ = {isa = PBXFileReference; lastKnownFileType = file.xib; path = NumberCell.xib; sourceTree = "<group>"; };
/* End PBXFileReference section */

/* Begin PBXFrameworksBuildPhase section */
		EB96A0572068EFC600139EDB /* Frameworks */ = {
			isa = PBXFrameworksBuildPhase;
			buildActionMask = 2147483647;
			files = (
				85CB24191B6E9CDAB5636361 /* Pods_ParallaxHeader.framework in Frameworks */,
			);
			runOnlyForDeploymentPostprocessing = 0;
		};
/* End PBXFrameworksBuildPhase section */

/* Begin PBXGroup section */
		2F2D29E912A31B2A08A7CA7E /* Frameworks */ = {
			isa = PBXGroup;
			children = (
				8C67BBDF42E5DE215F8D4C53 /* Pods_ParallaxHeader.framework */,
			);
			name = Frameworks;
			sourceTree = "<group>";
		};
		501B5D0317239C272D18F9C5 /* Pods */ = {
			isa = PBXGroup;
			children = (
				3D7D6E39779A1C987A85C1F8 /* Pods-ParallaxHeader.debug.xcconfig */,
				81FBAFC304496156B2FE8FBB /* Pods-ParallaxHeader.release.xcconfig */,
			);
			name = Pods;
			sourceTree = "<group>";
		};
		EB96A0512068EFC600139EDB = {
			isa = PBXGroup;
			children = (
				EB96A05C2068EFC600139EDB /* ParallaxHeader */,
				EB96A05B2068EFC600139EDB /* Products */,
				501B5D0317239C272D18F9C5 /* Pods */,
				2F2D29E912A31B2A08A7CA7E /* Frameworks */,
			);
			sourceTree = "<group>";
		};
		EB96A05B2068EFC600139EDB /* Products */ = {
			isa = PBXGroup;
			children = (
				EB96A05A2068EFC600139EDB /* ParallaxHeader.app */,
			);
			name = Products;
			sourceTree = "<group>";
		};
		EB96A05C2068EFC600139EDB /* ParallaxHeader */ = {
			isa = PBXGroup;
			children = (
				EB96A0772068FB5000139EDB /* Cell */,
				EB96A05D2068EFC600139EDB /* AppDelegate.swift */,
				EB96A0612068EFC600139EDB /* Main.storyboard */,
				EB96A0642068EFC600139EDB /* Assets.xcassets */,
				EB96A0662068EFC600139EDB /* LaunchScreen.storyboard */,
				EB96A0692068EFC600139EDB /* Info.plist */,
				EB96A06F2068F06E00139EDB /* ProfileViewController.swift */,
				EB96A0712068F07F00139EDB /* PublishedViewController.swift */,
				EB96A0732068F09D00139EDB /* TaggedViewController.swift */,
				EB96A0752068F0A800139EDB /* SavedViewController.swift */,
				EB7A7B64206B5CF900143F15 /* HeaderView.swift */,
			);
			path = ParallaxHeader;
			sourceTree = "<group>";
		};
		EB96A0772068FB5000139EDB /* Cell */ = {
			isa = PBXGroup;
			children = (
				EB96A0782068FB6C00139EDB /* NumberCell.swift */,
				EB96A0792068FB6C00139EDB /* NumberCell.xib */,
			);
			path = Cell;
			sourceTree = "<group>";
		};
/* End PBXGroup section */

/* Begin PBXNativeTarget section */
		EB96A0592068EFC600139EDB /* ParallaxHeader */ = {
			isa = PBXNativeTarget;
			buildConfigurationList = EB96A06C2068EFC600139EDB /* Build configuration list for PBXNativeTarget "ParallaxHeader" */;
			buildPhases = (
				BF7324744403BD6C94E67BED /* [CP] Check Pods Manifest.lock */,
				EB96A0562068EFC600139EDB /* Sources */,
				EB96A0572068EFC600139EDB /* Frameworks */,
				EB96A0582068EFC600139EDB /* Resources */,
				C0F6E09EDD2CC030C3C55C55 /* [CP] Embed Pods Frameworks */,
				437FB1A8283881886BBCCCD5 /* [CP] Copy Pods Resources */,
			);
			buildRules = (
			);
			dependencies = (
			);
			name = ParallaxHeader;
			productName = ParallaxHeader;
			productReference = EB96A05A2068EFC600139EDB /* ParallaxHeader.app */;
			productType = "com.apple.product-type.application";
		};
/* End PBXNativeTarget section */

/* Begin PBXProject section */
		EB96A0522068EFC600139EDB /* Project object */ = {
			isa = PBXProject;
			attributes = {
				LastSwiftUpdateCheck = 0920;
				LastUpgradeCheck = 0920;
				ORGANIZATIONNAME = TriNgo;
				TargetAttributes = {
					EB96A0592068EFC600139EDB = {
						CreatedOnToolsVersion = 9.2;
						ProvisioningStyle = Automatic;
					};
				};
			};
			buildConfigurationList = EB96A0552068EFC600139EDB /* Build configuration list for PBXProject "ParallaxHeader" */;
			compatibilityVersion = "Xcode 8.0";
			developmentRegion = en;
			hasScannedForEncodings = 0;
			knownRegions = (
				en,
				Base,
			);
			mainGroup = EB96A0512068EFC600139EDB;
			productRefGroup = EB96A05B2068EFC600139EDB /* Products */;
			projectDirPath = "";
			projectRoot = "";
			targets = (
				EB96A0592068EFC600139EDB /* ParallaxHeader */,
			);
		};
/* End PBXProject section */

/* Begin PBXResourcesBuildPhase section */
		EB96A0582068EFC600139EDB /* Resources */ = {
			isa = PBXResourcesBuildPhase;
			buildActionMask = 2147483647;
			files = (
				EB96A07B2068FB6C00139EDB /* NumberCell.xib in Resources */,
				EB96A0682068EFC600139EDB /* LaunchScreen.storyboard in Resources */,
				EB96A0652068EFC600139EDB /* Assets.xcassets in Resources */,
				EB96A0632068EFC600139EDB /* Main.storyboard in Resources */,
			);
			runOnlyForDeploymentPostprocessing = 0;
		};
/* End PBXResourcesBuildPhase section */

/* Begin PBXShellScriptBuildPhase section */
		437FB1A8283881886BBCCCD5 /* [CP] Copy Pods Resources */ = {
			isa = PBXShellScriptBuildPhase;
			buildActionMask = 2147483647;
			files = (
			);
			inputPaths = (
			);
			name = "[CP] Copy Pods Resources";
			outputPaths = (
			);
			runOnlyForDeploymentPostprocessing = 0;
			shellPath = /bin/sh;
			shellScript = "\"${SRCROOT}/Pods/Target Support Files/Pods-ParallaxHeader/Pods-ParallaxHeader-resources.sh\"\n";
			showEnvVarsInLog = 0;
		};
		BF7324744403BD6C94E67BED /* [CP] Check Pods Manifest.lock */ = {
			isa = PBXShellScriptBuildPhase;
			buildActionMask = 2147483647;
			files = (
			);
			inputPaths = (
				"${PODS_PODFILE_DIR_PATH}/Podfile.lock",
				"${PODS_ROOT}/Manifest.lock",
			);
			name = "[CP] Check Pods Manifest.lock";
			outputPaths = (
				"$(DERIVED_FILE_DIR)/Pods-ParallaxHeader-checkManifestLockResult.txt",
			);
			runOnlyForDeploymentPostprocessing = 0;
			shellPath = /bin/sh;
			shellScript = "diff \"${PODS_PODFILE_DIR_PATH}/Podfile.lock\" \"${PODS_ROOT}/Manifest.lock\" > /dev/null\nif [ $? != 0 ] ; then\n    # print error to STDERR\n    echo \"error: The sandbox is not in sync with the Podfile.lock. Run 'pod install' or update your CocoaPods installation.\" >&2\n    exit 1\nfi\n# This output is used by Xcode 'outputs' to avoid re-running this script phase.\necho \"SUCCESS\" > \"${SCRIPT_OUTPUT_FILE_0}\"\n";
			showEnvVarsInLog = 0;
		};
		C0F6E09EDD2CC030C3C55C55 /* [CP] Embed Pods Frameworks */ = {
			isa = PBXShellScriptBuildPhase;
			buildActionMask = 2147483647;
			files = (
			);
			inputPaths = (
				"${SRCROOT}/Pods/Target Support Files/Pods-ParallaxHeader/Pods-ParallaxHeader-frameworks.sh",
				"${BUILT_PRODUCTS_DIR}/XLPagerTabStrip/XLPagerTabStrip.framework",
			);
			name = "[CP] Embed Pods Frameworks";
			outputPaths = (
				"${TARGET_BUILD_DIR}/${FRAMEWORKS_FOLDER_PATH}/XLPagerTabStrip.framework",
			);
			runOnlyForDeploymentPostprocessing = 0;
			shellPath = /bin/sh;
			shellScript = "\"${SRCROOT}/Pods/Target Support Files/Pods-ParallaxHeader/Pods-ParallaxHeader-frameworks.sh\"\n";
			showEnvVarsInLog = 0;
		};
/* End PBXShellScriptBuildPhase section */

/* Begin PBXSourcesBuildPhase section */
		EB96A0562068EFC600139EDB /* Sources */ = {
			isa = PBXSourcesBuildPhase;
			buildActionMask = 2147483647;
			files = (
				EB96A0742068F09D00139EDB /* TaggedViewController.swift in Sources */,
				EB96A0722068F07F00139EDB /* PublishedViewController.swift in Sources */,
				EB96A07A2068FB6C00139EDB /* NumberCell.swift in Sources */,
				EB96A0702068F06E00139EDB /* ProfileViewController.swift in Sources */,
				EB96A0762068F0A800139EDB /* SavedViewController.swift in Sources */,
				EB96A05E2068EFC600139EDB /* AppDelegate.swift in Sources */,
				EB7A7B65206B5CF900143F15 /* HeaderView.swift in Sources */,
			);
			runOnlyForDeploymentPostprocessing = 0;
		};
/* End PBXSourcesBuildPhase section */

/* Begin PBXVariantGroup section */
		EB96A0612068EFC600139EDB /* Main.storyboard */ = {
			isa = PBXVariantGroup;
			children = (
				EB96A0622068EFC600139EDB /* Base */,
			);
			name = Main.storyboard;
			sourceTree = "<group>";
		};
		EB96A0662068EFC600139EDB /* LaunchScreen.storyboard */ = {
			isa = PBXVariantGroup;
			children = (
				EB96A0672068EFC600139EDB /* Base */,
			);
			name = LaunchScreen.storyboard;
			sourceTree = "<group>";
		};
/* End PBXVariantGroup section */

/* Begin XCBuildConfiguration section */
		EB96A06A2068EFC600139EDB /* Debug */ = {
			isa = XCBuildConfiguration;
			buildSettings = {
				ALWAYS_SEARCH_USER_PATHS = NO;
				CLANG_ANALYZER_NONNULL = YES;
				CLANG_ANALYZER_NUMBER_OBJECT_CONVERSION = YES_AGGRESSIVE;
				CLANG_CXX_LANGUAGE_STANDARD = "gnu++14";
				CLANG_CXX_LIBRARY = "libc++";
				CLANG_ENABLE_MODULES = YES;
				CLANG_ENABLE_OBJC_ARC = YES;
				CLANG_WARN_BLOCK_CAPTURE_AUTORELEASING = YES;
				CLANG_WARN_BOOL_CONVERSION = YES;
				CLANG_WARN_COMMA = YES;
				CLANG_WARN_CONSTANT_CONVERSION = YES;
				CLANG_WARN_DIRECT_OBJC_ISA_USAGE = YES_ERROR;
				CLANG_WARN_DOCUMENTATION_COMMENTS = YES;
				CLANG_WARN_EMPTY_BODY = YES;
				CLANG_WARN_ENUM_CONVERSION = YES;
				CLANG_WARN_INFINITE_RECURSION = YES;
				CLANG_WARN_INT_CONVERSION = YES;
				CLANG_WARN_NON_LITERAL_NULL_CONVERSION = YES;
				CLANG_WARN_OBJC_LITERAL_CONVERSION = YES;
				CLANG_WARN_OBJC_ROOT_CLASS = YES_ERROR;
				CLANG_WARN_RANGE_LOOP_ANALYSIS = YES;
				CLANG_WARN_STRICT_PROTOTYPES = YES;
				CLANG_WARN_SUSPICIOUS_MOVE = YES;
				CLANG_WARN_UNGUARDED_AVAILABILITY = YES_AGGRESSIVE;
				CLANG_WARN_UNREACHABLE_CODE = YES;
				CLANG_WARN__DUPLICATE_METHOD_MATCH = YES;
				CODE_SIGN_IDENTITY = "iPhone Developer";
				COPY_PHASE_STRIP = NO;
				DEBUG_INFORMATION_FORMAT = dwarf;
				ENABLE_STRICT_OBJC_MSGSEND = YES;
				ENABLE_TESTABILITY = YES;
				GCC_C_LANGUAGE_STANDARD = gnu11;
				GCC_DYNAMIC_NO_PIC = NO;
				GCC_NO_COMMON_BLOCKS = YES;
				GCC_OPTIMIZATION_LEVEL = 0;
				GCC_PREPROCESSOR_DEFINITIONS = (
					"DEBUG=1",
					"$(inherited)",
				);
				GCC_WARN_64_TO_32_BIT_CONVERSION = YES;
				GCC_WARN_ABOUT_RETURN_TYPE = YES_ERROR;
				GCC_WARN_UNDECLARED_SELECTOR = YES;
				GCC_WARN_UNINITIALIZED_AUTOS = YES_AGGRESSIVE;
				GCC_WARN_UNUSED_FUNCTION = YES;
				GCC_WARN_UNUSED_VARIABLE = YES;
				IPHONEOS_DEPLOYMENT_TARGET = 11.2;
				MTL_ENABLE_DEBUG_INFO = YES;
				ONLY_ACTIVE_ARCH = YES;
				SDKROOT = iphoneos;
				SWIFT_ACTIVE_COMPILATION_CONDITIONS = DEBUG;
				SWIFT_OPTIMIZATION_LEVEL = "-Onone";
			};
			name = Debug;
		};
		EB96A06B2068EFC600139EDB /* Release */ = {
			isa = XCBuildConfiguration;
			buildSettings = {
				ALWAYS_SEARCH_USER_PATHS = NO;
				CLANG_ANALYZER_NONNULL = YES;
				CLANG_ANALYZER_NUMBER_OBJECT_CONVERSION = YES_AGGRESSIVE;
				CLANG_CXX_LANGUAGE_STANDARD = "gnu++14";
				CLANG_CXX_LIBRARY = "libc++";
				CLANG_ENABLE_MODULES = YES;
				CLANG_ENABLE_OBJC_ARC = YES;
				CLANG_WARN_BLOCK_CAPTURE_AUTORELEASING = YES;
				CLANG_WARN_BOOL_CONVERSION = YES;
				CLANG_WARN_COMMA = YES;
				CLANG_WARN_CONSTANT_CONVERSION = YES;
				CLANG_WARN_DIRECT_OBJC_ISA_USAGE = YES_ERROR;
				CLANG_WARN_DOCUMENTATION_COMMENTS = YES;
				CLANG_WARN_EMPTY_BODY = YES;
				CLANG_WARN_ENUM_CONVERSION = YES;
				CLANG_WARN_INFINITE_RECURSION = YES;
				CLANG_WARN_INT_CONVERSION = YES;
				CLANG_WARN_NON_LITERAL_NULL_CONVERSION = YES;
				CLANG_WARN_OBJC_LITERAL_CONVERSION = YES;
				CLANG_WARN_OBJC_ROOT_CLASS = YES_ERROR;
				CLANG_WARN_RANGE_LOOP_ANALYSIS = YES;
				CLANG_WARN_STRICT_PROTOTYPES = YES;
				CLANG_WARN_SUSPICIOUS_MOVE = YES;
				CLANG_WARN_UNGUARDED_AVAILABILITY = YES_AGGRESSIVE;
				CLANG_WARN_UNREACHABLE_CODE = YES;
				CLANG_WARN__DUPLICATE_METHOD_MATCH = YES;
				CODE_SIGN_IDENTITY = "iPhone Developer";
				COPY_PHASE_STRIP = NO;
				DEBUG_INFORMATION_FORMAT = "dwarf-with-dsym";
				ENABLE_NS_ASSERTIONS = NO;
				ENABLE_STRICT_OBJC_MSGSEND = YES;
				GCC_C_LANGUAGE_STANDARD = gnu11;
				GCC_NO_COMMON_BLOCKS = YES;
				GCC_WARN_64_TO_32_BIT_CONVERSION = YES;
				GCC_WARN_ABOUT_RETURN_TYPE = YES_ERROR;
				GCC_WARN_UNDECLARED_SELECTOR = YES;
				GCC_WARN_UNINITIALIZED_AUTOS = YES_AGGRESSIVE;
				GCC_WARN_UNUSED_FUNCTION = YES;
				GCC_WARN_UNUSED_VARIABLE = YES;
				IPHONEOS_DEPLOYMENT_TARGET = 11.2;
				MTL_ENABLE_DEBUG_INFO = NO;
				SDKROOT = iphoneos;
				SWIFT_OPTIMIZATION_LEVEL = "-Owholemodule";
				VALIDATE_PRODUCT = YES;
			};
			name = Release;
		};
		EB96A06D2068EFC600139EDB /* Debug */ = {
			isa = XCBuildConfiguration;
			baseConfigurationReference = 3D7D6E39779A1C987A85C1F8 /* Pods-ParallaxHeader.debug.xcconfig */;
			buildSettings = {
				ASSETCATALOG_COMPILER_APPICON_NAME = AppIcon;
				CODE_SIGN_STYLE = Automatic;
				DEVELOPMENT_TEAM = QWZQFWGZMG;
				INFOPLIST_FILE = ParallaxHeader/Info.plist;
				LD_RUNPATH_SEARCH_PATHS = "$(inherited) @executable_path/Frameworks";
				PRODUCT_BUNDLE_IDENTIFIER = com.coderschool.ParallaxHeader;
				PRODUCT_NAME = "$(TARGET_NAME)";
				SWIFT_VERSION = 4.0;
				TARGETED_DEVICE_FAMILY = "1,2";
			};
			name = Debug;
		};
		EB96A06E2068EFC600139EDB /* Release */ = {
			isa = XCBuildConfiguration;
			baseConfigurationReference = 81FBAFC304496156B2FE8FBB /* Pods-ParallaxHeader.release.xcconfig */;
			buildSettings = {
				ASSETCATALOG_COMPILER_APPICON_NAME = AppIcon;
				CODE_SIGN_STYLE = Automatic;
				DEVELOPMENT_TEAM = QWZQFWGZMG;
				INFOPLIST_FILE = ParallaxHeader/Info.plist;
				LD_RUNPATH_SEARCH_PATHS = "$(inherited) @executable_path/Frameworks";
				PRODUCT_BUNDLE_IDENTIFIER = com.coderschool.ParallaxHeader;
				PRODUCT_NAME = "$(TARGET_NAME)";
				SWIFT_VERSION = 4.0;
				TARGETED_DEVICE_FAMILY = "1,2";
			};
			name = Release;
		};
/* End XCBuildConfiguration section */

/* Begin XCConfigurationList section */
		EB96A0552068EFC600139EDB /* Build configuration list for PBXProject "ParallaxHeader" */ = {
			isa = XCConfigurationList;
			buildConfigurations = (
				EB96A06A2068EFC600139EDB /* Debug */,
				EB96A06B2068EFC600139EDB /* Release */,
			);
			defaultConfigurationIsVisible = 0;
			defaultConfigurationName = Release;
		};
		EB96A06C2068EFC600139EDB /* Build configuration list for PBXNativeTarget "ParallaxHeader" */ = {
			isa = XCConfigurationList;
			buildConfigurations = (
				EB96A06D2068EFC600139EDB /* Debug */,
				EB96A06E2068EFC600139EDB /* Release */,
			);
			defaultConfigurationIsVisible = 0;
			defaultConfigurationName = Release;
		};
/* End XCConfigurationList section */
	};
	rootObject = EB96A0522068EFC600139EDB /* Project object */;
}
